# THIS IS AN AUTOGENERATED FILE. DO NOT EDIT THIS FILE DIRECTLY.
# yarn lockfile v1


"@types/node@^10.12.18":
  version "10.17.51"
  resolved "https://registry.yarnpkg.com/@types/node/-/node-10.17.51.tgz#639538575befbcf3d3861f95c41de8e47124d674"
  integrity sha512-KANw+MkL626tq90l++hGelbl67irOJzGhUJk6a1Bt8QHOeh9tztJx+L0AqttraWKinmZn7Qi5lJZJzx45Gq0dg==
